
Microsoft Visual Studio Solution File, Format Version 12.00
# Visual Studio Version 17
VisualStudioVersion = 17.14.36109.1 d17.14
MinimumVisualStudioVersion = 10.0.40219.1
Project("{FAE04EC0-301F-11D3-BF4B-00C04F79EFBC}") = "MssqlMCP", "MssqlMCP.csproj", "{D9F9FD53-8B55-68FB-D0E7-8E37E16225E1}"
EndProject
Global
	GlobalSection(SolutionConfigurationPlatforms) = preSolution
		Debug|Any CPU = Debug|Any CPU
		Release|Any CPU = Release|Any CPU
	EndGlobalSection
	GlobalSection(ProjectConfigurationPlatforms) = postSolution
		{D9F9FD53-8B55-68FB-D0E7-8E37E16225E1}.Debug|Any CPU.ActiveCfg = Debug|Any CPU
		{D9F9FD53-8B55-68FB-D0E7-8E37E16225E1}.Debug|Any CPU.Build.0 = Debug|Any CPU
		{D9F9FD53-8B55-68FB-D0E7-8E37E16225E1}.Release|Any CPU.ActiveCfg = Release|Any CPU
		{D9F9FD53-8B55-68FB-D0E7-8E37E16225E1}.Release|Any CPU.Build.0 = Release|Any CPU
	EndGlobalSection
	GlobalSection(SolutionProperties) = preSolution
		HideSolutionNode = FALSE
	EndGlobalSection
	GlobalSection(ExtensibilityGlobals) = postSolution
		SolutionGuid = {9AA4E1B8-99BE-4B94-BF1B-44328F690196}
	EndGlobalSection
EndGlobal
