
Microsoft Visual Studio Solution File, Format Version 12.00
# Visual Studio Version 17
VisualStudioVersion = 17.14.36109.1 d17.14
MinimumVisualStudioVersion = 10.0.40219.1
Project("{FAE04EC0-301F-11D3-BF4B-00C04F79EFBC}") = "MssqlMCP", "MssqlMCP\MssqlMCP.csproj", "{D9F9FD53-8B55-68FB-D0E7-8E37E16225E1}"
EndProject
Project("{FAE04EC0-301F-11D3-BF4B-00C04F79EFBC}") = "GitMCP", "GitMCP\GitMCP.csproj", "{2E873E77-3E91-689D-AE61-87B7234D6271}"
EndProject
Global
	GlobalSection(SolutionConfigurationPlatforms) = preSolution
		Debug|Any CPU = Debug|Any CPU
		Release|Any CPU = Release|Any CPU
	EndGlobalSection
	GlobalSection(ProjectConfigurationPlatforms) = postSolution
		{D9F9FD53-8B55-68FB-D0E7-8E37E16225E1}.Debug|Any CPU.ActiveCfg = Debug|Any CPU
		{D9F9FD53-8B55-68FB-D0E7-8E37E16225E1}.Debug|Any CPU.Build.0 = Debug|Any CPU
		{D9F9FD53-8B55-68FB-D0E7-8E37E16225E1}.Release|Any CPU.ActiveCfg = Release|Any CPU
		{D9F9FD53-8B55-68FB-D0E7-8E37E16225E1}.Release|Any CPU.Build.0 = Release|Any CPU
		{2E873E77-3E91-689D-AE61-87B7234D6271}.Debug|Any CPU.ActiveCfg = Debug|Any CPU
		{2E873E77-3E91-689D-AE61-87B7234D6271}.Debug|Any CPU.Build.0 = Debug|Any CPU
		{2E873E77-3E91-689D-AE61-87B7234D6271}.Release|Any CPU.ActiveCfg = Release|Any CPU
		{2E873E77-3E91-689D-AE61-87B7234D6271}.Release|Any CPU.Build.0 = Release|Any CPU
	EndGlobalSection
	GlobalSection(SolutionProperties) = preSolution
		HideSolutionNode = FALSE
	EndGlobalSection
	GlobalSection(ExtensibilityGlobals) = postSolution
		SolutionGuid = {400587D5-D7B8-405C-9679-19313FCA51D6}
	EndGlobalSection
EndGlobal
